
Microsoft Visual Studio Solution File, Format Version 12.00
# Visual Studio Version 17
VisualStudioVersion = 17.13.35828.75
MinimumVisualStudioVersion = 10.0.40219.1
Project("{FAE04EC0-301F-11D3-BF4B-00C04F79EFBC}") = "GrpcBasedExchange", "GrpcBasedExchange\GrpcBasedExchange.csproj", "{A6940616-0484-46D0-9F0D-004C2089F0C9}"
EndProject
Project("{FAE04EC0-301F-11D3-BF4B-00C04F79EFBC}") = "SDCIPCCore", "IPC.Core\SDCIPCCore.csproj", "{20EC0B5A-622A-997E-EADB-E639C1551837}"
EndProject
Project("{FAE04EC0-301F-11D3-BF4B-00C04F79EFBC}") = "MainApp", "MainApp\MainApp.csproj", "{4B564F60-99DE-4834-B095-1BEB8DDEB469}"
EndProject
Global
	GlobalSection(SolutionConfigurationPlatforms) = preSolution
		Debug|Any CPU = Debug|Any CPU
		Release|Any CPU = Release|Any CPU
	EndGlobalSection
	GlobalSection(ProjectConfigurationPlatforms) = postSolution
		{A6940616-0484-46D0-9F0D-004C2089F0C9}.Debug|Any CPU.ActiveCfg = Debug|Any CPU
		{A6940616-0484-46D0-9F0D-004C2089F0C9}.Debug|Any CPU.Build.0 = Debug|Any CPU
		{A6940616-0484-46D0-9F0D-004C2089F0C9}.Release|Any CPU.ActiveCfg = Release|Any CPU
		{A6940616-0484-46D0-9F0D-004C2089F0C9}.Release|Any CPU.Build.0 = Release|Any CPU
		{20EC0B5A-622A-997E-EADB-E639C1551837}.Debug|Any CPU.ActiveCfg = Debug|Any CPU
		{20EC0B5A-622A-997E-EADB-E639C1551837}.Debug|Any CPU.Build.0 = Debug|Any CPU
		{20EC0B5A-622A-997E-EADB-E639C1551837}.Release|Any CPU.ActiveCfg = Release|Any CPU
		{20EC0B5A-622A-997E-EADB-E639C1551837}.Release|Any CPU.Build.0 = Release|Any CPU
		{4B564F60-99DE-4834-B095-1BEB8DDEB469}.Debug|Any CPU.ActiveCfg = Debug|Any CPU
		{4B564F60-99DE-4834-B095-1BEB8DDEB469}.Debug|Any CPU.Build.0 = Debug|Any CPU
		{4B564F60-99DE-4834-B095-1BEB8DDEB469}.Release|Any CPU.ActiveCfg = Release|Any CPU
		{4B564F60-99DE-4834-B095-1BEB8DDEB469}.Release|Any CPU.Build.0 = Release|Any CPU
	EndGlobalSection
	GlobalSection(SolutionProperties) = preSolution
		HideSolutionNode = FALSE
	EndGlobalSection
	GlobalSection(ExtensibilityGlobals) = postSolution
		SolutionGuid = {8A334570-68B3-4327-B436-65CADB562029}
	EndGlobalSection
EndGlobal
